
Microsoft Visual Studio Solution File, Format Version 12.00
# Visual Studio 15
VisualStudioVersion = 15.0.28307.421
MinimumVisualStudioVersion = 10.0.40219.1
Project("{FAE04EC0-301F-11D3-BF4B-00C04F79EFBC}") = "MVC3", "MVC3\MVC3.csproj", "{4443F37A-F53B-4708-B09B-9AE55C3B073E}"
EndProject
Global
	GlobalSection(SolutionConfigurationPlatforms) = preSolution
		Debug|Any CPU = Debug|Any CPU
		Release|Any CPU = Release|Any CPU
	EndGlobalSection
	GlobalSection(ProjectConfigurationPlatforms) = postSolution
		{4443F37A-F53B-4708-B09B-9AE55C3B073E}.Debug|Any CPU.ActiveCfg = Debug|Any CPU
		{4443F37A-F53B-4708-B09B-9AE55C3B073E}.Debug|Any CPU.Build.0 = Debug|Any CPU
		{4443F37A-F53B-4708-B09B-9AE55C3B073E}.Release|Any CPU.ActiveCfg = Release|Any CPU
		{4443F37A-F53B-4708-B09B-9AE55C3B073E}.Release|Any CPU.Build.0 = Release|Any CPU
	EndGlobalSection
	GlobalSection(SolutionProperties) = preSolution
		HideSolutionNode = FALSE
	EndGlobalSection
	GlobalSection(ExtensibilityGlobals) = postSolution
		SolutionGuid = {0C94138D-7A4B-465C-A10F-002B5E9F3CA7}
	EndGlobalSection
EndGlobal
